
Microsoft Visual Studio Solution File, Format Version 12.00
# Visual Studio Version 16
VisualStudioVersion = 16.0.30413.136
MinimumVisualStudioVersion = 10.0.40219.1
Project("{2150E333-8FDC-42A3-9474-1A3956D46DE8}") = "Json", "Json", "{AD4DAEBA-0EE1-4840-A5A9-FD7893C6B5BD}"
EndProject
Project("{2150E333-8FDC-42A3-9474-1A3956D46DE8}") = "Echo", "Echo", "{0D5E22CB-D5A3-49A7-BDCC-D166EB94F8E6}"
EndProject
Project("{2150E333-8FDC-42A3-9474-1A3956D46DE8}") = "TCP", "TCP", "{11CB5626-FFA8-4CBB-A309-A4077055D111}"
EndProject
Project("{2150E333-8FDC-42A3-9474-1A3956D46DE8}") = "UDP", "UDP", "{F4ABB0ED-B2CD-4D7B-9F13-65E9CAE967C2}"
EndProject
Project("{2150E333-8FDC-42A3-9474-1A3956D46DE8}") = "RestService", "RestService", "{5C5450E8-87AA-42A4-B5F3-D45FD503B2EC}"
EndProject
Project("{2150E333-8FDC-42A3-9474-1A3956D46DE8}") = "ModelLib", "ModelLib", "{6DEE67B0-0A24-4DEE-97D9-855F5F7E6F59}"
EndProject
Project("{2150E333-8FDC-42A3-9474-1A3956D46DE8}") = "TestsTilModelLib", "TestsTilModelLib", "{EE8D972F-6F17-4D06-90D6-E0AD6755B236}"
EndProject
Project("{9A19103F-16F7-4668-BE54-9A1E7A4F7556}") = "ModelLibrary", "ModelLibrary\ModelLibrary.csproj", "{61A60FA2-62CD-4950-B1FC-5065DD794E8A}"
EndProject
Project("{9A19103F-16F7-4668-BE54-9A1E7A4F7556}") = "UnitTests", "UnitTests\UnitTests.csproj", "{EDD9D082-354D-4AC7-AFAE-2289B2647C64}"
EndProject
Project("{2150E333-8FDC-42A3-9474-1A3956D46DE8}") = "Client", "Client", "{7CC62C39-FEDE-4534-B28F-0ED942C15C15}"
EndProject
Project("{2150E333-8FDC-42A3-9474-1A3956D46DE8}") = "Server", "Server", "{336BCE6D-7716-4132-B287-B249F6CA6853}"
EndProject
Project("{9A19103F-16F7-4668-BE54-9A1E7A4F7556}") = "TCPJsonReciever", "TCPEchoReciever\TCPJsonReciever.csproj", "{CE144735-17B4-4A3F-8976-AB0C7C2BF381}"
EndProject
Project("{9A19103F-16F7-4668-BE54-9A1E7A4F7556}") = "TCPJsonSender", "TCPEchoSender\TCPJsonSender.csproj", "{51B30FC7-431B-44D8-9C94-8A18C7223794}"
EndProject
Project("{2150E333-8FDC-42A3-9474-1A3956D46DE8}") = "Client", "Client", "{A5062DEE-745D-4820-B580-846D08982978}"
EndProject
Project("{9A19103F-16F7-4668-BE54-9A1E7A4F7556}") = "TCPEchoReciever", "TCPJsonReciever\TCPEchoReciever.csproj", "{BF12FD0E-9E0B-4A65-AD38-87A06C161F6D}"
EndProject
Project("{2150E333-8FDC-42A3-9474-1A3956D46DE8}") = "Server", "Server", "{94FDC1A5-FC6C-4620-9BB5-80F44910EE06}"
EndProject
Project("{9A19103F-16F7-4668-BE54-9A1E7A4F7556}") = "TCPEchoSender", "TCPJsonSender\TCPEchoSender.csproj", "{F14045DA-1D79-4F0F-9EBD-9F3EDC968513}"
EndProject
Project("{2150E333-8FDC-42A3-9474-1A3956D46DE8}") = "Broadcasting", "Broadcasting", "{472F995C-1D3A-4C77-BA4E-BE35E2D94D65}"
EndProject
Project("{2150E333-8FDC-42A3-9474-1A3956D46DE8}") = "Echo", "Echo", "{C5486506-7561-4C1C-8CEF-B0E68B34808D}"
EndProject
Project("{2150E333-8FDC-42A3-9474-1A3956D46DE8}") = "Json", "Json", "{6C145851-436D-48AC-BB3A-82CA47FC39C1}"
EndProject
Project("{2150E333-8FDC-42A3-9474-1A3956D46DE8}") = "Server", "Server", "{F85CFC12-54C6-456E-A8F2-90641FFA341B}"
EndProject
Project("{2150E333-8FDC-42A3-9474-1A3956D46DE8}") = "Server", "Server", "{51F652F3-8241-4442-BB06-CA2CFBFC1C08}"
EndProject
Project("{2150E333-8FDC-42A3-9474-1A3956D46DE8}") = "Server", "Server", "{CEF6D2FB-F4B9-48F9-9E7A-CC89A519CDC2}"
EndProject
Project("{2150E333-8FDC-42A3-9474-1A3956D46DE8}") = "Client", "Client", "{993B9B61-CE93-4016-A4CC-A657262639AD}"
EndProject
Project("{2150E333-8FDC-42A3-9474-1A3956D46DE8}") = "Client", "Client", "{22B4E0E6-2664-4FA6-B8D3-2914BC033BA3}"
EndProject
Project("{2150E333-8FDC-42A3-9474-1A3956D46DE8}") = "Client", "Client", "{CA7838D8-DE39-4155-89CF-FD78541E5D2B}"
EndProject
Project("{9A19103F-16F7-4668-BE54-9A1E7A4F7556}") = "UDPJsonSender", "UDPJsonSender\UDPJsonSender.csproj", "{A0358D0F-F165-45A3-BE2F-3F47D5843B11}"
EndProject
Project("{9A19103F-16F7-4668-BE54-9A1E7A4F7556}") = "UDPJsonReceiver", "UDPJsonReceiver\UDPJsonReceiver.csproj", "{F0DD862D-AA85-4410-A3B8-31010AFAF422}"
EndProject
Project("{9A19103F-16F7-4668-BE54-9A1E7A4F7556}") = "UDPEchoClient", "UDPEchoClient\UDPEchoClient.csproj", "{2FBDA596-709C-450E-A174-94A1AC92557F}"
EndProject
Project("{9A19103F-16F7-4668-BE54-9A1E7A4F7556}") = "UDPEchoServer", "UDPEchoServer\UDPEchoServer.csproj", "{A77F586D-4AE3-4FDE-A9A6-A0C7FEFC13A2}"
EndProject
Project("{9A19103F-16F7-4668-BE54-9A1E7A4F7556}") = "UDPBroadcastingClient", "UDPBroadcastingClient\UDPBroadcastingClient.csproj", "{B48E9FF0-E833-4146-ABBC-BB9B3B9CC319}"
EndProject
Project("{9A19103F-16F7-4668-BE54-9A1E7A4F7556}") = "UDPBroadcastingServer", "UDPBroadcastingServer\UDPBroadcastingServer.csproj", "{92E41ACB-2726-465E-8481-266660384248}"
EndProject
Project("{FAE04EC0-301F-11D3-BF4B-00C04F79EFBC}") = "RestServiceList", "RestServiceList\RestServiceList.csproj", "{EBB6B07C-70BE-407B-8C41-CA6854E6BAA3}"
EndProject
Project("{FAE04EC0-301F-11D3-BF4B-00C04F79EFBC}") = "RestServiceInMemory", "RestServiceInMemory\RestServiceInMemory.csproj", "{3EF1E55A-1A5F-4383-815D-B5196EDADB89}"
EndProject
Project("{2150E333-8FDC-42A3-9474-1A3956D46DE8}") = "Consumer", "Consumer", "{B7741A73-4A6D-4FA2-8830-C0A11EA3D4B0}"
EndProject
Project("{FAE04EC0-301F-11D3-BF4B-00C04F79EFBC}") = "APIConsumer", "APIConsumer\APIConsumer.csproj", "{076C33B7-F6B0-45AD-9D55-C5D444647346}"
EndProject
Project("{FAE04EC0-301F-11D3-BF4B-00C04F79EFBC}") = "SeleniumTestUI", "SeleniumTestUI\SeleniumTestUI.csproj", "{48E3E43C-AC80-4C65-A97A-9F2872BAF77B}"
EndProject
Global
	GlobalSection(SolutionConfigurationPlatforms) = preSolution
		Debug|Any CPU = Debug|Any CPU
		Release|Any CPU = Release|Any CPU
	EndGlobalSection
	GlobalSection(ProjectConfigurationPlatforms) = postSolution
		{61A60FA2-62CD-4950-B1FC-5065DD794E8A}.Debug|Any CPU.ActiveCfg = Debug|Any CPU
		{61A60FA2-62CD-4950-B1FC-5065DD794E8A}.Debug|Any CPU.Build.0 = Debug|Any CPU
		{61A60FA2-62CD-4950-B1FC-5065DD794E8A}.Release|Any CPU.ActiveCfg = Release|Any CPU
		{61A60FA2-62CD-4950-B1FC-5065DD794E8A}.Release|Any CPU.Build.0 = Release|Any CPU
		{EDD9D082-354D-4AC7-AFAE-2289B2647C64}.Debug|Any CPU.ActiveCfg = Debug|Any CPU
		{EDD9D082-354D-4AC7-AFAE-2289B2647C64}.Debug|Any CPU.Build.0 = Debug|Any CPU
		{EDD9D082-354D-4AC7-AFAE-2289B2647C64}.Release|Any CPU.ActiveCfg = Release|Any CPU
		{EDD9D082-354D-4AC7-AFAE-2289B2647C64}.Release|Any CPU.Build.0 = Release|Any CPU
		{CE144735-17B4-4A3F-8976-AB0C7C2BF381}.Debug|Any CPU.ActiveCfg = Debug|Any CPU
		{CE144735-17B4-4A3F-8976-AB0C7C2BF381}.Debug|Any CPU.Build.0 = Debug|Any CPU
		{CE144735-17B4-4A3F-8976-AB0C7C2BF381}.Release|Any CPU.ActiveCfg = Release|Any CPU
		{CE144735-17B4-4A3F-8976-AB0C7C2BF381}.Release|Any CPU.Build.0 = Release|Any CPU
		{51B30FC7-431B-44D8-9C94-8A18C7223794}.Debug|Any CPU.ActiveCfg = Debug|Any CPU
		{51B30FC7-431B-44D8-9C94-8A18C7223794}.Debug|Any CPU.Build.0 = Debug|Any CPU
		{51B30FC7-431B-44D8-9C94-8A18C7223794}.Release|Any CPU.ActiveCfg = Release|Any CPU
		{51B30FC7-431B-44D8-9C94-8A18C7223794}.Release|Any CPU.Build.0 = Release|Any CPU
		{BF12FD0E-9E0B-4A65-AD38-87A06C161F6D}.Debug|Any CPU.ActiveCfg = Debug|Any CPU
		{BF12FD0E-9E0B-4A65-AD38-87A06C161F6D}.Debug|Any CPU.Build.0 = Debug|Any CPU
		{BF12FD0E-9E0B-4A65-AD38-87A06C161F6D}.Release|Any CPU.ActiveCfg = Release|Any CPU
		{BF12FD0E-9E0B-4A65-AD38-87A06C161F6D}.Release|Any CPU.Build.0 = Release|Any CPU
		{F14045DA-1D79-4F0F-9EBD-9F3EDC968513}.Debug|Any CPU.ActiveCfg = Debug|Any CPU
		{F14045DA-1D79-4F0F-9EBD-9F3EDC968513}.Debug|Any CPU.Build.0 = Debug|Any CPU
		{F14045DA-1D79-4F0F-9EBD-9F3EDC968513}.Release|Any CPU.ActiveCfg = Release|Any CPU
		{F14045DA-1D79-4F0F-9EBD-9F3EDC968513}.Release|Any CPU.Build.0 = Release|Any CPU
		{A0358D0F-F165-45A3-BE2F-3F47D5843B11}.Debug|Any CPU.ActiveCfg = Debug|Any CPU
		{A0358D0F-F165-45A3-BE2F-3F47D5843B11}.Debug|Any CPU.Build.0 = Debug|Any CPU
		{A0358D0F-F165-45A3-BE2F-3F47D5843B11}.Release|Any CPU.ActiveCfg = Release|Any CPU
		{A0358D0F-F165-45A3-BE2F-3F47D5843B11}.Release|Any CPU.Build.0 = Release|Any CPU
		{F0DD862D-AA85-4410-A3B8-31010AFAF422}.Debug|Any CPU.ActiveCfg = Debug|Any CPU
		{F0DD862D-AA85-4410-A3B8-31010AFAF422}.Debug|Any CPU.Build.0 = Debug|Any CPU
		{F0DD862D-AA85-4410-A3B8-31010AFAF422}.Release|Any CPU.ActiveCfg = Release|Any CPU
		{F0DD862D-AA85-4410-A3B8-31010AFAF422}.Release|Any CPU.Build.0 = Release|Any CPU
		{2FBDA596-709C-450E-A174-94A1AC92557F}.Debug|Any CPU.ActiveCfg = Debug|Any CPU
		{2FBDA596-709C-450E-A174-94A1AC92557F}.Debug|Any CPU.Build.0 = Debug|Any CPU
		{2FBDA596-709C-450E-A174-94A1AC92557F}.Release|Any CPU.ActiveCfg = Release|Any CPU
		{2FBDA596-709C-450E-A174-94A1AC92557F}.Release|Any CPU.Build.0 = Release|Any CPU
		{A77F586D-4AE3-4FDE-A9A6-A0C7FEFC13A2}.Debug|Any CPU.ActiveCfg = Debug|Any CPU
		{A77F586D-4AE3-4FDE-A9A6-A0C7FEFC13A2}.Debug|Any CPU.Build.0 = Debug|Any CPU
		{A77F586D-4AE3-4FDE-A9A6-A0C7FEFC13A2}.Release|Any CPU.ActiveCfg = Release|Any CPU
		{A77F586D-4AE3-4FDE-A9A6-A0C7FEFC13A2}.Release|Any CPU.Build.0 = Release|Any CPU
		{B48E9FF0-E833-4146-ABBC-BB9B3B9CC319}.Debug|Any CPU.ActiveCfg = Debug|Any CPU
		{B48E9FF0-E833-4146-ABBC-BB9B3B9CC319}.Debug|Any CPU.Build.0 = Debug|Any CPU
		{B48E9FF0-E833-4146-ABBC-BB9B3B9CC319}.Release|Any CPU.ActiveCfg = Release|Any CPU
		{B48E9FF0-E833-4146-ABBC-BB9B3B9CC319}.Release|Any CPU.Build.0 = Release|Any CPU
		{92E41ACB-2726-465E-8481-266660384248}.Debug|Any CPU.ActiveCfg = Debug|Any CPU
		{92E41ACB-2726-465E-8481-266660384248}.Debug|Any CPU.Build.0 = Debug|Any CPU
		{92E41ACB-2726-465E-8481-266660384248}.Release|Any CPU.ActiveCfg = Release|Any CPU
		{92E41ACB-2726-465E-8481-266660384248}.Release|Any CPU.Build.0 = Release|Any CPU
		{EBB6B07C-70BE-407B-8C41-CA6854E6BAA3}.Debug|Any CPU.ActiveCfg = Debug|Any CPU
		{EBB6B07C-70BE-407B-8C41-CA6854E6BAA3}.Debug|Any CPU.Build.0 = Debug|Any CPU
		{EBB6B07C-70BE-407B-8C41-CA6854E6BAA3}.Release|Any CPU.ActiveCfg = Release|Any CPU
		{EBB6B07C-70BE-407B-8C41-CA6854E6BAA3}.Release|Any CPU.Build.0 = Release|Any CPU
		{3EF1E55A-1A5F-4383-815D-B5196EDADB89}.Debug|Any CPU.ActiveCfg = Debug|Any CPU
		{3EF1E55A-1A5F-4383-815D-B5196EDADB89}.Debug|Any CPU.Build.0 = Debug|Any CPU
		{3EF1E55A-1A5F-4383-815D-B5196EDADB89}.Release|Any CPU.ActiveCfg = Release|Any CPU
		{3EF1E55A-1A5F-4383-815D-B5196EDADB89}.Release|Any CPU.Build.0 = Release|Any CPU
		{076C33B7-F6B0-45AD-9D55-C5D444647346}.Debug|Any CPU.ActiveCfg = Debug|Any CPU
		{076C33B7-F6B0-45AD-9D55-C5D444647346}.Debug|Any CPU.Build.0 = Debug|Any CPU
		{076C33B7-F6B0-45AD-9D55-C5D444647346}.Release|Any CPU.ActiveCfg = Release|Any CPU
		{076C33B7-F6B0-45AD-9D55-C5D444647346}.Release|Any CPU.Build.0 = Release|Any CPU
		{48E3E43C-AC80-4C65-A97A-9F2872BAF77B}.Debug|Any CPU.ActiveCfg = Debug|Any CPU
		{48E3E43C-AC80-4C65-A97A-9F2872BAF77B}.Debug|Any CPU.Build.0 = Debug|Any CPU
		{48E3E43C-AC80-4C65-A97A-9F2872BAF77B}.Release|Any CPU.ActiveCfg = Release|Any CPU
		{48E3E43C-AC80-4C65-A97A-9F2872BAF77B}.Release|Any CPU.Build.0 = Release|Any CPU
	EndGlobalSection
	GlobalSection(SolutionProperties) = preSolution
		HideSolutionNode = FALSE
	EndGlobalSection
	GlobalSection(NestedProjects) = preSolution
		{AD4DAEBA-0EE1-4840-A5A9-FD7893C6B5BD} = {11CB5626-FFA8-4CBB-A309-A4077055D111}
		{0D5E22CB-D5A3-49A7-BDCC-D166EB94F8E6} = {11CB5626-FFA8-4CBB-A309-A4077055D111}
		{EE8D972F-6F17-4D06-90D6-E0AD6755B236} = {6DEE67B0-0A24-4DEE-97D9-855F5F7E6F59}
		{61A60FA2-62CD-4950-B1FC-5065DD794E8A} = {6DEE67B0-0A24-4DEE-97D9-855F5F7E6F59}
		{EDD9D082-354D-4AC7-AFAE-2289B2647C64} = {EE8D972F-6F17-4D06-90D6-E0AD6755B236}
		{7CC62C39-FEDE-4534-B28F-0ED942C15C15} = {AD4DAEBA-0EE1-4840-A5A9-FD7893C6B5BD}
		{336BCE6D-7716-4132-B287-B249F6CA6853} = {AD4DAEBA-0EE1-4840-A5A9-FD7893C6B5BD}
		{CE144735-17B4-4A3F-8976-AB0C7C2BF381} = {7CC62C39-FEDE-4534-B28F-0ED942C15C15}
		{51B30FC7-431B-44D8-9C94-8A18C7223794} = {336BCE6D-7716-4132-B287-B249F6CA6853}
		{A5062DEE-745D-4820-B580-846D08982978} = {0D5E22CB-D5A3-49A7-BDCC-D166EB94F8E6}
		{BF12FD0E-9E0B-4A65-AD38-87A06C161F6D} = {A5062DEE-745D-4820-B580-846D08982978}
		{94FDC1A5-FC6C-4620-9BB5-80F44910EE06} = {0D5E22CB-D5A3-49A7-BDCC-D166EB94F8E6}
		{F14045DA-1D79-4F0F-9EBD-9F3EDC968513} = {94FDC1A5-FC6C-4620-9BB5-80F44910EE06}
		{472F995C-1D3A-4C77-BA4E-BE35E2D94D65} = {F4ABB0ED-B2CD-4D7B-9F13-65E9CAE967C2}
		{C5486506-7561-4C1C-8CEF-B0E68B34808D} = {F4ABB0ED-B2CD-4D7B-9F13-65E9CAE967C2}
		{6C145851-436D-48AC-BB3A-82CA47FC39C1} = {F4ABB0ED-B2CD-4D7B-9F13-65E9CAE967C2}
		{F85CFC12-54C6-456E-A8F2-90641FFA341B} = {472F995C-1D3A-4C77-BA4E-BE35E2D94D65}
		{51F652F3-8241-4442-BB06-CA2CFBFC1C08} = {C5486506-7561-4C1C-8CEF-B0E68B34808D}
		{CEF6D2FB-F4B9-48F9-9E7A-CC89A519CDC2} = {6C145851-436D-48AC-BB3A-82CA47FC39C1}
		{993B9B61-CE93-4016-A4CC-A657262639AD} = {472F995C-1D3A-4C77-BA4E-BE35E2D94D65}
		{22B4E0E6-2664-4FA6-B8D3-2914BC033BA3} = {C5486506-7561-4C1C-8CEF-B0E68B34808D}
		{CA7838D8-DE39-4155-89CF-FD78541E5D2B} = {6C145851-436D-48AC-BB3A-82CA47FC39C1}
		{A0358D0F-F165-45A3-BE2F-3F47D5843B11} = {CEF6D2FB-F4B9-48F9-9E7A-CC89A519CDC2}
		{F0DD862D-AA85-4410-A3B8-31010AFAF422} = {CA7838D8-DE39-4155-89CF-FD78541E5D2B}
		{2FBDA596-709C-450E-A174-94A1AC92557F} = {22B4E0E6-2664-4FA6-B8D3-2914BC033BA3}
		{A77F586D-4AE3-4FDE-A9A6-A0C7FEFC13A2} = {51F652F3-8241-4442-BB06-CA2CFBFC1C08}
		{B48E9FF0-E833-4146-ABBC-BB9B3B9CC319} = {993B9B61-CE93-4016-A4CC-A657262639AD}
		{92E41ACB-2726-465E-8481-266660384248} = {F85CFC12-54C6-456E-A8F2-90641FFA341B}
		{EBB6B07C-70BE-407B-8C41-CA6854E6BAA3} = {5C5450E8-87AA-42A4-B5F3-D45FD503B2EC}
		{3EF1E55A-1A5F-4383-815D-B5196EDADB89} = {5C5450E8-87AA-42A4-B5F3-D45FD503B2EC}
		{076C33B7-F6B0-45AD-9D55-C5D444647346} = {B7741A73-4A6D-4FA2-8830-C0A11EA3D4B0}
	EndGlobalSection
	GlobalSection(ExtensibilityGlobals) = postSolution
		SolutionGuid = {EDEA558B-1EF1-4DDD-B527-7F72457BEF8D}
	EndGlobalSection
EndGlobal
